
Microsoft Visual Studio Solution File, Format Version 12.00
# Visual Studio 14
VisualStudioVersion = 14.0.25420.1
MinimumVisualStudioVersion = 10.0.40219.1
Project("{FAE04EC0-301F-11D3-BF4B-00C04F79EFBC}") = "SimpleNeuralNetworkLibrary", "SimpleNeuralNetworkLibrary\SimpleNeuralNetworkLibrary.csproj", "{D3A21B92-2DDA-49D9-9742-3578CC100661}"
EndProject
Project("{FAE04EC0-301F-11D3-BF4B-00C04F79EFBC}") = "SimpleNeuralNetworkConsoleApp", "SimpleNeuralNetworkConsoleApp\SimpleNeuralNetworkConsoleApp.csproj", "{B7256903-63B1-4779-B5E9-CB1DF435ADD7}"
EndProject
Global
	GlobalSection(SolutionConfigurationPlatforms) = preSolution
		Debug|Any CPU = Debug|Any CPU
		Release|Any CPU = Release|Any CPU
	EndGlobalSection
	GlobalSection(ProjectConfigurationPlatforms) = postSolution
		{D3A21B92-2DDA-49D9-9742-3578CC100661}.Debug|Any CPU.ActiveCfg = Debug|Any CPU
		{D3A21B92-2DDA-49D9-9742-3578CC100661}.Debug|Any CPU.Build.0 = Debug|Any CPU
		{D3A21B92-2DDA-49D9-9742-3578CC100661}.Release|Any CPU.ActiveCfg = Release|Any CPU
		{D3A21B92-2DDA-49D9-9742-3578CC100661}.Release|Any CPU.Build.0 = Release|Any CPU
		{B7256903-63B1-4779-B5E9-CB1DF435ADD7}.Debug|Any CPU.ActiveCfg = Debug|Any CPU
		{B7256903-63B1-4779-B5E9-CB1DF435ADD7}.Debug|Any CPU.Build.0 = Debug|Any CPU
		{B7256903-63B1-4779-B5E9-CB1DF435ADD7}.Release|Any CPU.ActiveCfg = Release|Any CPU
		{B7256903-63B1-4779-B5E9-CB1DF435ADD7}.Release|Any CPU.Build.0 = Release|Any CPU
	EndGlobalSection
	GlobalSection(SolutionProperties) = preSolution
		HideSolutionNode = FALSE
	EndGlobalSection
EndGlobal
